
Microsoft Visual Studio Solution File, Format Version 12.00
# Visual Studio Version 17
VisualStudioVersion = 17.8.34511.84
MinimumVisualStudioVersion = 10.0.40219.1
Project("{FAE04EC0-301F-11D3-BF4B-00C04F79EFBC}") = "BankMangement", "BankMangement\BankMangement.csproj", "{8A97FDB0-4EA3-4335-ADD4-0E364A6E2D40}"
EndProject
Global
	GlobalSection(SolutionConfigurationPlatforms) = preSolution
		Debug|Any CPU = Debug|Any CPU
		Release|Any CPU = Release|Any CPU
	EndGlobalSection
	GlobalSection(ProjectConfigurationPlatforms) = postSolution
		{8A97FDB0-4EA3-4335-ADD4-0E364A6E2D40}.Debug|Any CPU.ActiveCfg = Debug|Any CPU
		{8A97FDB0-4EA3-4335-ADD4-0E364A6E2D40}.Debug|Any CPU.Build.0 = Debug|Any CPU
		{8A97FDB0-4EA3-4335-ADD4-0E364A6E2D40}.Release|Any CPU.ActiveCfg = Release|Any CPU
		{8A97FDB0-4EA3-4335-ADD4-0E364A6E2D40}.Release|Any CPU.Build.0 = Release|Any CPU
	EndGlobalSection
	GlobalSection(SolutionProperties) = preSolution
		HideSolutionNode = FALSE
	EndGlobalSection
	GlobalSection(ExtensibilityGlobals) = postSolution
		SolutionGuid = {78FC8AAD-42D3-44ED-AE2D-5C5724E6F449}
	EndGlobalSection
EndGlobal
